// !$*UTF8*$!
{
	archiveVersion = 1;
	classes = {
	};
	objectVersion = 46;
	objects = {

/* Begin PBXBuildFile section */
		7BD7CFEB1F202095001EEDB6 /* main.c in Sources */ = {isa = PBXBuildFile; fileRef = 7BD7CFEA1F202095001EEDB6 /* main.c */; };
		7BD7CFF71F2023DC001EEDB6 /* keyword.c in Sources */ = {isa = PBXBuildFile; fileRef = 7BD7CFF61F2023DC001EEDB6 /* keyword.c */; };
		7BD7CFFA1F202500001EEDB6 /* safemem.c in Sources */ = {isa = PBXBuildFile; fileRef = 7BD7CFF81F202500001EEDB6 /* safemem.c */; };
		7BD7CFFD1F2025B3001EEDB6 /* stringutil.c in Sources */ = {isa = PBXBuildFile; fileRef = 7BD7CFFB1F2025B3001EEDB6 /* stringutil.c */; };
		7BD7D0001F202800001EEDB6 /* parser.c in Sources */ = {isa = PBXBuildFile; fileRef = 7BD7CFFE1F202800001EEDB6 /* parser.c */; };
		7BD7D0021F20290D001EEDB6 /* program.c in Sources */ = {isa = PBXBuildFile; fileRef = 7BD7D0011F20290D001EEDB6 /* program.c */; };
		7BD7D0051F2029B6001EEDB6 /* statement.c in Sources */ = {isa = PBXBuildFile; fileRef = 7BD7D0031F2029B6001EEDB6 /* statement.c */; };
		7BD7D0081F2068A4001EEDB6 /* print.c in Sources */ = {isa = PBXBuildFile; fileRef = 7BD7D0061F2068A4001EEDB6 /* print.c */; };
		7BD7D00B1F206D6F001EEDB6 /* expression.c in Sources */ = {isa = PBXBuildFile; fileRef = 7BD7D0091F206D6F001EEDB6 /* expression.c */; };
		7BD7D00E1F21923F001EEDB6 /* value.c in Sources */ = {isa = PBXBuildFile; fileRef = 7BD7D00C1F21923F001EEDB6 /* value.c */; };
		7BD7D0111F21BC77001EEDB6 /* runtime.c in Sources */ = {isa = PBXBuildFile; fileRef = 7BD7D00F1F21BC77001EEDB6 /* runtime.c */; };
		7BD7D0161F22FBAC001EEDB6 /* let.c in Sources */ = {isa = PBXBuildFile; fileRef = 7BD7D0141F22FBAC001EEDB6 /* let.c */; };
		7BD7D0191F23B8B3001EEDB6 /* if.c in Sources */ = {isa = PBXBuildFile; fileRef = 7BD7D0171F23B8B3001EEDB6 /* if.c */; };
		7BD7D01C1F23FE2D001EEDB6 /* goto.c in Sources */ = {isa = PBXBuildFile; fileRef = 7BD7D01A1F23FE2D001EEDB6 /* goto.c */; };
		7BD7D01F1F2408CD001EEDB6 /* scope.c in Sources */ = {isa = PBXBuildFile; fileRef = 7BD7D01D1F2408CD001EEDB6 /* scope.c */; };
		7BD7D0221F241009001EEDB6 /* gosub.c in Sources */ = {isa = PBXBuildFile; fileRef = 7BD7D0201F241009001EEDB6 /* gosub.c */; };
		7BD7D0251F2440F9001EEDB6 /* for.c in Sources */ = {isa = PBXBuildFile; fileRef = 7BD7D0231F2440F9001EEDB6 /* for.c */; };
		7BD7D0281F251E48001EEDB6 /* builtins.c in Sources */ = {isa = PBXBuildFile; fileRef = 7BD7D0261F251E48001EEDB6 /* builtins.c */; };
		7BD7D02B1F252553001EEDB6 /* rem.c in Sources */ = {isa = PBXBuildFile; fileRef = 7BD7D0291F252553001EEDB6 /* rem.c */; };
		7BD7D02E1F252980001EEDB6 /* input.c in Sources */ = {isa = PBXBuildFile; fileRef = 7BD7D02C1F252980001EEDB6 /* input.c */; };
		7BD7D0311F2536B6001EEDB6 /* run.c in Sources */ = {isa = PBXBuildFile; fileRef = 7BD7D02F1F2536B6001EEDB6 /* run.c */; };
		7BD7D0341F25A242001EEDB6 /* list.c in Sources */ = {isa = PBXBuildFile; fileRef = 7BD7D0321F25A242001EEDB6 /* list.c */; };
		7BD7D0501F2845C5001EEDB6 /* save.c in Sources */ = {isa = PBXBuildFile; fileRef = 7BD7D04E1F2845C5001EEDB6 /* save.c */; };
		7BD7D0531F2851F5001EEDB6 /* new.c in Sources */ = {isa = PBXBuildFile; fileRef = 7BD7D0511F2851F5001EEDB6 /* new.c */; };
		7BD7D0561F285A44001EEDB6 /* cat.c in Sources */ = {isa = PBXBuildFile; fileRef = 7BD7D0541F285A44001EEDB6 /* cat.c */; };
		7BD7D0591F298A56001EEDB6 /* load.c in Sources */ = {isa = PBXBuildFile; fileRef = 7BD7D0571F298A55001EEDB6 /* load.c */; };
		7BD7D05C1F299165001EEDB6 /* output.c in Sources */ = {isa = PBXBuildFile; fileRef = 7BD7D05A1F299165001EEDB6 /* output.c */; };
/* End PBXBuildFile section */

/* Begin PBXContainerItemProxy section */
		7BD7D04C1F25ABA2001EEDB6 /* PBXContainerItemProxy */ = {
			isa = PBXContainerItemProxy;
			containerPortal = 7BD7D0481F25ABA1001EEDB6 /* login.xcodeproj */;
			proxyType = 2;
			remoteGlobalIDString = 7BD7D03E1F25ABA1001EEDB6;
			remoteInfo = login;
		};
/* End PBXContainerItemProxy section */

/* Begin PBXCopyFilesBuildPhase section */
		7BD7CFE51F202095001EEDB6 /* CopyFiles */ = {
			isa = PBXCopyFilesBuildPhase;
			buildActionMask = 2147483647;
			dstPath = /usr/share/man/man1/;
			dstSubfolderSpec = 0;
			files = (
			);
			runOnlyForDeploymentPostprocessing = 1;
		};
/* End PBXCopyFilesBuildPhase section */

/* Begin PBXFileReference section */
		7BD7CFE71F202095001EEDB6 /* basic */ = {isa = PBXFileReference; explicitFileType = "compiled.mach-o.executable"; includeInIndex = 0; path = basic; sourceTree = BUILT_PRODUCTS_DIR; };
		7BD7CFEA1F202095001EEDB6 /* main.c */ = {isa = PBXFileReference; lastKnownFileType = sourcecode.c.c; path = main.c; sourceTree = "<group>"; };
		7BD7CFF11F20211C001EEDB6 /* language.txt */ = {isa = PBXFileReference; fileEncoding = 4; lastKnownFileType = text; path = language.txt; sourceTree = "<group>"; };
		7BD7CFF31F2021CA001EEDB6 /* test.bas */ = {isa = PBXFileReference; fileEncoding = 4; lastKnownFileType = text; path = test.bas; sourceTree = "<group>"; };
		7BD7CFF41F202264001EEDB6 /* program.h */ = {isa = PBXFileReference; lastKnownFileType = sourcecode.c.h; path = program.h; sourceTree = "<group>"; };
		7BD7CFF51F202311001EEDB6 /* keyword.h */ = {isa = PBXFileReference; lastKnownFileType = sourcecode.c.h; path = keyword.h; sourceTree = "<group>"; };
		7BD7CFF61F2023DC001EEDB6 /* keyword.c */ = {isa = PBXFileReference; fileEncoding = 4; lastKnownFileType = sourcecode.c.c; path = keyword.c; sourceTree = "<group>"; };
		7BD7CFF81F202500001EEDB6 /* safemem.c */ = {isa = PBXFileReference; fileEncoding = 4; lastKnownFileType = sourcecode.c.c; path = safemem.c; sourceTree = "<group>"; };
		7BD7CFF91F202500001EEDB6 /* safemem.h */ = {isa = PBXFileReference; fileEncoding = 4; lastKnownFileType = sourcecode.c.h; path = safemem.h; sourceTree = "<group>"; };
		7BD7CFFB1F2025B3001EEDB6 /* stringutil.c */ = {isa = PBXFileReference; fileEncoding = 4; lastKnownFileType = sourcecode.c.c; path = stringutil.c; sourceTree = "<group>"; };
		7BD7CFFC1F2025B3001EEDB6 /* stringutil.h */ = {isa = PBXFileReference; fileEncoding = 4; lastKnownFileType = sourcecode.c.h; path = stringutil.h; sourceTree = "<group>"; };
		7BD7CFFE1F202800001EEDB6 /* parser.c */ = {isa = PBXFileReference; fileEncoding = 4; lastKnownFileType = sourcecode.c.c; path = parser.c; sourceTree = "<group>"; };
		7BD7CFFF1F202800001EEDB6 /* parser.h */ = {isa = PBXFileReference; fileEncoding = 4; lastKnownFileType = sourcecode.c.h; path = parser.h; sourceTree = "<group>"; };
		7BD7D0011F20290D001EEDB6 /* program.c */ = {isa = PBXFileReference; fileEncoding = 4; lastKnownFileType = sourcecode.c.c; path = program.c; sourceTree = "<group>"; };
		7BD7D0031F2029B6001EEDB6 /* statement.c */ = {isa = PBXFileReference; fileEncoding = 4; lastKnownFileType = sourcecode.c.c; path = statement.c; sourceTree = "<group>"; };
		7BD7D0041F2029B6001EEDB6 /* statement.h */ = {isa = PBXFileReference; fileEncoding = 4; lastKnownFileType = sourcecode.c.h; path = statement.h; sourceTree = "<group>"; };
		7BD7D0061F2068A4001EEDB6 /* print.c */ = {isa = PBXFileReference; fileEncoding = 4; lastKnownFileType = sourcecode.c.c; path = print.c; sourceTree = "<group>"; };
		7BD7D0071F2068A4001EEDB6 /* print.h */ = {isa = PBXFileReference; fileEncoding = 4; lastKnownFileType = sourcecode.c.h; path = print.h; sourceTree = "<group>"; };
		7BD7D0091F206D6F001EEDB6 /* expression.c */ = {isa = PBXFileReference; fileEncoding = 4; lastKnownFileType = sourcecode.c.c; path = expression.c; sourceTree = "<group>"; };
		7BD7D00A1F206D6F001EEDB6 /* expression.h */ = {isa = PBXFileReference; fileEncoding = 4; lastKnownFileType = sourcecode.c.h; path = expression.h; sourceTree = "<group>"; };
		7BD7D00C1F21923F001EEDB6 /* value.c */ = {isa = PBXFileReference; fileEncoding = 4; lastKnownFileType = sourcecode.c.c; path = value.c; sourceTree = "<group>"; };
		7BD7D00D1F21923F001EEDB6 /* value.h */ = {isa = PBXFileReference; fileEncoding = 4; lastKnownFileType = sourcecode.c.h; path = value.h; sourceTree = "<group>"; };
		7BD7D00F1F21BC77001EEDB6 /* runtime.c */ = {isa = PBXFileReference; fileEncoding = 4; lastKnownFileType = sourcecode.c.c; path = runtime.c; sourceTree = "<group>"; };
		7BD7D0101F21BC77001EEDB6 /* runtime.h */ = {isa = PBXFileReference; fileEncoding = 4; lastKnownFileType = sourcecode.c.h; path = runtime.h; sourceTree = "<group>"; };
		7BD7D0121F21C98D001EEDB6 /* hello.bas */ = {isa = PBXFileReference; fileEncoding = 4; lastKnownFileType = text; path = hello.bas; sourceTree = "<group>"; };
		7BD7D0131F21C98D001EEDB6 /* TODO.txt */ = {isa = PBXFileReference; fileEncoding = 4; lastKnownFileType = text; path = TODO.txt; sourceTree = "<group>"; };
		7BD7D0141F22FBAC001EEDB6 /* let.c */ = {isa = PBXFileReference; fileEncoding = 4; lastKnownFileType = sourcecode.c.c; path = let.c; sourceTree = "<group>"; };
		7BD7D0151F22FBAC001EEDB6 /* let.h */ = {isa = PBXFileReference; fileEncoding = 4; lastKnownFileType = sourcecode.c.h; path = let.h; sourceTree = "<group>"; };
		7BD7D0171F23B8B3001EEDB6 /* if.c */ = {isa = PBXFileReference; fileEncoding = 4; lastKnownFileType = sourcecode.c.c; path = if.c; sourceTree = "<group>"; };
		7BD7D0181F23B8B3001EEDB6 /* if.h */ = {isa = PBXFileReference; fileEncoding = 4; lastKnownFileType = sourcecode.c.h; path = if.h; sourceTree = "<group>"; };
		7BD7D01A1F23FE2D001EEDB6 /* goto.c */ = {isa = PBXFileReference; fileEncoding = 4; lastKnownFileType = sourcecode.c.c; path = goto.c; sourceTree = "<group>"; };
		7BD7D01B1F23FE2D001EEDB6 /* goto.h */ = {isa = PBXFileReference; fileEncoding = 4; lastKnownFileType = sourcecode.c.h; path = goto.h; sourceTree = "<group>"; };
		7BD7D01D1F2408CD001EEDB6 /* scope.c */ = {isa = PBXFileReference; fileEncoding = 4; lastKnownFileType = sourcecode.c.c; path = scope.c; sourceTree = "<group>"; };
		7BD7D01E1F2408CD001EEDB6 /* scope.h */ = {isa = PBXFileReference; fileEncoding = 4; lastKnownFileType = sourcecode.c.h; path = scope.h; sourceTree = "<group>"; };
		7BD7D0201F241009001EEDB6 /* gosub.c */ = {isa = PBXFileReference; fileEncoding = 4; lastKnownFileType = sourcecode.c.c; path = gosub.c; sourceTree = "<group>"; };
		7BD7D0211F241009001EEDB6 /* gosub.h */ = {isa = PBXFileReference; fileEncoding = 4; lastKnownFileType = sourcecode.c.h; path = gosub.h; sourceTree = "<group>"; };
		7BD7D0231F2440F9001EEDB6 /* for.c */ = {isa = PBXFileReference; fileEncoding = 4; lastKnownFileType = sourcecode.c.c; path = for.c; sourceTree = "<group>"; };
		7BD7D0241F2440F9001EEDB6 /* for.h */ = {isa = PBXFileReference; fileEncoding = 4; lastKnownFileType = sourcecode.c.h; path = for.h; sourceTree = "<group>"; };
		7BD7D0261F251E48001EEDB6 /* builtins.c */ = {isa = PBXFileReference; fileEncoding = 4; lastKnownFileType = sourcecode.c.c; path = builtins.c; sourceTree = "<group>"; };
		7BD7D0271F251E48001EEDB6 /* builtins.h */ = {isa = PBXFileReference; fileEncoding = 4; lastKnownFileType = sourcecode.c.h; path = builtins.h; sourceTree = "<group>"; };
		7BD7D0291F252553001EEDB6 /* rem.c */ = {isa = PBXFileReference; fileEncoding = 4; lastKnownFileType = sourcecode.c.c; path = rem.c; sourceTree = "<group>"; };
		7BD7D02A1F252553001EEDB6 /* rem.h */ = {isa = PBXFileReference; fileEncoding = 4; lastKnownFileType = sourcecode.c.h; path = rem.h; sourceTree = "<group>"; };
		7BD7D02C1F252980001EEDB6 /* input.c */ = {isa = PBXFileReference; fileEncoding = 4; lastKnownFileType = sourcecode.c.c; path = input.c; sourceTree = "<group>"; };
		7BD7D02D1F252980001EEDB6 /* input.h */ = {isa = PBXFileReference; fileEncoding = 4; lastKnownFileType = sourcecode.c.h; path = input.h; sourceTree = "<group>"; };
		7BD7D02F1F2536B6001EEDB6 /* run.c */ = {isa = PBXFileReference; fileEncoding = 4; lastKnownFileType = sourcecode.c.c; path = run.c; sourceTree = "<group>"; };
		7BD7D0301F2536B6001EEDB6 /* run.h */ = {isa = PBXFileReference; fileEncoding = 4; lastKnownFileType = sourcecode.c.h; path = run.h; sourceTree = "<group>"; };
		7BD7D0321F25A242001EEDB6 /* list.c */ = {isa = PBXFileReference; fileEncoding = 4; lastKnownFileType = sourcecode.c.c; path = list.c; sourceTree = "<group>"; };
		7BD7D0331F25A242001EEDB6 /* list.h */ = {isa = PBXFileReference; fileEncoding = 4; lastKnownFileType = sourcecode.c.h; path = list.h; sourceTree = "<group>"; };
		7BD7D0481F25ABA1001EEDB6 /* login.xcodeproj */ = {isa = PBXFileReference; lastKnownFileType = "wrapper.pb-project"; name = login.xcodeproj; path = login/login.xcodeproj; sourceTree = "<group>"; };
		7BD7D04E1F2845C5001EEDB6 /* save.c */ = {isa = PBXFileReference; fileEncoding = 4; lastKnownFileType = sourcecode.c.c; path = save.c; sourceTree = "<group>"; };
		7BD7D04F1F2845C5001EEDB6 /* save.h */ = {isa = PBXFileReference; fileEncoding = 4; lastKnownFileType = sourcecode.c.h; path = save.h; sourceTree = "<group>"; };
		7BD7D0511F2851F5001EEDB6 /* new.c */ = {isa = PBXFileReference; fileEncoding = 4; lastKnownFileType = sourcecode.c.c; path = new.c; sourceTree = "<group>"; };
		7BD7D0521F2851F5001EEDB6 /* new.h */ = {isa = PBXFileReference; fileEncoding = 4; lastKnownFileType = sourcecode.c.h; path = new.h; sourceTree = "<group>"; };
		7BD7D0541F285A44001EEDB6 /* cat.c */ = {isa = PBXFileReference; fileEncoding = 4; lastKnownFileType = sourcecode.c.c; path = cat.c; sourceTree = "<group>"; };
		7BD7D0551F285A44001EEDB6 /* cat.h */ = {isa = PBXFileReference; fileEncoding = 4; lastKnownFileType = sourcecode.c.h; path = cat.h; sourceTree = "<group>"; };
		7BD7D0571F298A55001EEDB6 /* load.c */ = {isa = PBXFileReference; fileEncoding = 4; lastKnownFileType = sourcecode.c.c; path = load.c; sourceTree = "<group>"; };
		7BD7D0581F298A55001EEDB6 /* load.h */ = {isa = PBXFileReference; fileEncoding = 4; lastKnownFileType = sourcecode.c.h; path = load.h; sourceTree = "<group>"; };
		7BD7D05A1F299165001EEDB6 /* output.c */ = {isa = PBXFileReference; fileEncoding = 4; lastKnownFileType = sourcecode.c.c; path = output.c; sourceTree = "<group>"; };
		7BD7D05B1F299165001EEDB6 /* output.h */ = {isa = PBXFileReference; fileEncoding = 4; lastKnownFileType = sourcecode.c.h; path = output.h; sourceTree = "<group>"; };
/* End PBXFileReference section */

/* Begin PBXFrameworksBuildPhase section */
		7BD7CFE41F202095001EEDB6 /* Frameworks */ = {
			isa = PBXFrameworksBuildPhase;
			buildActionMask = 2147483647;
			files = (
			);
			runOnlyForDeploymentPostprocessing = 0;
		};
/* End PBXFrameworksBuildPhase section */

/* Begin PBXGroup section */
		7BD7CFDE1F202095001EEDB6 = {
			isa = PBXGroup;
			children = (
				7BD7D0481F25ABA1001EEDB6 /* login.xcodeproj */,
				7BD7CFE91F202095001EEDB6 /* basic */,
				7BD7CFE81F202095001EEDB6 /* Products */,
			);
			sourceTree = "<group>";
		};
		7BD7CFE81F202095001EEDB6 /* Products */ = {
			isa = PBXGroup;
			children = (
				7BD7CFE71F202095001EEDB6 /* basic */,
			);
			name = Products;
			sourceTree = "<group>";
		};
		7BD7CFE91F202095001EEDB6 /* basic */ = {
			isa = PBXGroup;
			children = (
				7BD7D0121F21C98D001EEDB6 /* hello.bas */,
				7BD7CFF31F2021CA001EEDB6 /* test.bas */,
				7BD7D0131F21C98D001EEDB6 /* TODO.txt */,
				7BD7D0261F251E48001EEDB6 /* builtins.c */,
				7BD7D0271F251E48001EEDB6 /* builtins.h */,
				7BD7D0541F285A44001EEDB6 /* cat.c */,
				7BD7D0551F285A44001EEDB6 /* cat.h */,
				7BD7D0091F206D6F001EEDB6 /* expression.c */,
				7BD7D00A1F206D6F001EEDB6 /* expression.h */,
				7BD7D0231F2440F9001EEDB6 /* for.c */,
				7BD7D0241F2440F9001EEDB6 /* for.h */,
				7BD7D0201F241009001EEDB6 /* gosub.c */,
				7BD7D0211F241009001EEDB6 /* gosub.h */,
				7BD7D01A1F23FE2D001EEDB6 /* goto.c */,
				7BD7D01B1F23FE2D001EEDB6 /* goto.h */,
				7BD7D0171F23B8B3001EEDB6 /* if.c */,
				7BD7D0181F23B8B3001EEDB6 /* if.h */,
				7BD7D02C1F252980001EEDB6 /* input.c */,
				7BD7D02D1F252980001EEDB6 /* input.h */,
				7BD7CFF51F202311001EEDB6 /* keyword.h */,
				7BD7CFF61F2023DC001EEDB6 /* keyword.c */,
				7BD7CFF11F20211C001EEDB6 /* language.txt */,
				7BD7D0141F22FBAC001EEDB6 /* let.c */,
				7BD7D0151F22FBAC001EEDB6 /* let.h */,
				7BD7D0321F25A242001EEDB6 /* list.c */,
				7BD7D0331F25A242001EEDB6 /* list.h */,
				7BD7D0571F298A55001EEDB6 /* load.c */,
				7BD7D0581F298A55001EEDB6 /* load.h */,
				7BD7CFEA1F202095001EEDB6 /* main.c */,
				7BD7D05A1F299165001EEDB6 /* output.c */,
				7BD7D05B1F299165001EEDB6 /* output.h */,
				7BD7CFFE1F202800001EEDB6 /* parser.c */,
				7BD7CFFF1F202800001EEDB6 /* parser.h */,
				7BD7D0061F2068A4001EEDB6 /* print.c */,
				7BD7D0071F2068A4001EEDB6 /* print.h */,
				7BD7CFF41F202264001EEDB6 /* program.h */,
				7BD7D0011F20290D001EEDB6 /* program.c */,
				7BD7D0291F252553001EEDB6 /* rem.c */,
				7BD7D02A1F252553001EEDB6 /* rem.h */,
				7BD7D0511F2851F5001EEDB6 /* new.c */,
				7BD7D0521F2851F5001EEDB6 /* new.h */,
				7BD7D02F1F2536B6001EEDB6 /* run.c */,
				7BD7D0301F2536B6001EEDB6 /* run.h */,
				7BD7D00F1F21BC77001EEDB6 /* runtime.c */,
				7BD7D0101F21BC77001EEDB6 /* runtime.h */,
				7BD7CFF81F202500001EEDB6 /* safemem.c */,
				7BD7CFF91F202500001EEDB6 /* safemem.h */,
				7BD7D04E1F2845C5001EEDB6 /* save.c */,
				7BD7D04F1F2845C5001EEDB6 /* save.h */,
				7BD7D01D1F2408CD001EEDB6 /* scope.c */,
				7BD7D01E1F2408CD001EEDB6 /* scope.h */,
				7BD7D0031F2029B6001EEDB6 /* statement.c */,
				7BD7D0041F2029B6001EEDB6 /* statement.h */,
				7BD7CFFB1F2025B3001EEDB6 /* stringutil.c */,
				7BD7CFFC1F2025B3001EEDB6 /* stringutil.h */,
				7BD7D00C1F21923F001EEDB6 /* value.c */,
				7BD7D00D1F21923F001EEDB6 /* value.h */,
			);
			path = basic;
			sourceTree = "<group>";
		};
		7BD7D0491F25ABA1001EEDB6 /* Products */ = {
			isa = PBXGroup;
			children = (
				7BD7D04D1F25ABA2001EEDB6 /* login */,
			);
			name = Products;
			sourceTree = "<group>";
		};
/* End PBXGroup section */

/* Begin PBXNativeTarget section */
		7BD7CFE61F202095001EEDB6 /* basic */ = {
			isa = PBXNativeTarget;
			buildConfigurationList = 7BD7CFEE1F202095001EEDB6 /* Build configuration list for PBXNativeTarget "basic" */;
			buildPhases = (
				7BD7CFE31F202095001EEDB6 /* Sources */,
				7BD7CFE41F202095001EEDB6 /* Frameworks */,
				7BD7CFE51F202095001EEDB6 /* CopyFiles */,
			);
			buildRules = (
			);
			dependencies = (
			);
			name = basic;
			productName = basic;
			productReference = 7BD7CFE71F202095001EEDB6 /* basic */;
			productType = "com.apple.product-type.tool";
		};
/* End PBXNativeTarget section */

/* Begin PBXProject section */
		7BD7CFDF1F202095001EEDB6 /* Project object */ = {
			isa = PBXProject;
			attributes = {
				LastUpgradeCheck = 0810;
				ORGANIZATIONNAME = "Ridge Lift Software";
				TargetAttributes = {
					7BD7CFE61F202095001EEDB6 = {
						CreatedOnToolsVersion = 8.1;
						ProvisioningStyle = Automatic;
					};
				};
			};
			buildConfigurationList = 7BD7CFE21F202095001EEDB6 /* Build configuration list for PBXProject "basic" */;
			compatibilityVersion = "Xcode 3.2";
			developmentRegion = English;
			hasScannedForEncodings = 0;
			knownRegions = (
				en,
			);
			mainGroup = 7BD7CFDE1F202095001EEDB6;
			productRefGroup = 7BD7CFE81F202095001EEDB6 /* Products */;
			projectDirPath = "";
			projectReferences = (
				{
					ProductGroup = 7BD7D0491F25ABA1001EEDB6 /* Products */;
					ProjectRef = 7BD7D0481F25ABA1001EEDB6 /* login.xcodeproj */;
				},
			);
			projectRoot = "";
			targets = (
				7BD7CFE61F202095001EEDB6 /* basic */,
			);
		};
/* End PBXProject section */

/* Begin PBXReferenceProxy section */
		7BD7D04D1F25ABA2001EEDB6 /* login */ = {
			isa = PBXReferenceProxy;
			fileType = "compiled.mach-o.executable";
			path = login;
			remoteRef = 7BD7D04C1F25ABA2001EEDB6 /* PBXContainerItemProxy */;
			sourceTree = BUILT_PRODUCTS_DIR;
		};
/* End PBXReferenceProxy section */

/* Begin PBXSourcesBuildPhase section */
		7BD7CFE31F202095001EEDB6 /* Sources */ = {
			isa = PBXSourcesBuildPhase;
			buildActionMask = 2147483647;
			files = (
				7BD7D0561F285A44001EEDB6 /* cat.c in Sources */,
				7BD7D0531F2851F5001EEDB6 /* new.c in Sources */,
				7BD7D0501F2845C5001EEDB6 /* save.c in Sources */,
				7BD7D01F1F2408CD001EEDB6 /* scope.c in Sources */,
				7BD7D0111F21BC77001EEDB6 /* runtime.c in Sources */,
				7BD7CFEB1F202095001EEDB6 /* main.c in Sources */,
				7BD7CFF71F2023DC001EEDB6 /* keyword.c in Sources */,
				7BD7D0161F22FBAC001EEDB6 /* let.c in Sources */,
				7BD7D0021F20290D001EEDB6 /* program.c in Sources */,
				7BD7D0311F2536B6001EEDB6 /* run.c in Sources */,
				7BD7CFFD1F2025B3001EEDB6 /* stringutil.c in Sources */,
				7BD7D0001F202800001EEDB6 /* parser.c in Sources */,
				7BD7D0221F241009001EEDB6 /* gosub.c in Sources */,
				7BD7D0591F298A56001EEDB6 /* load.c in Sources */,
				7BD7D00E1F21923F001EEDB6 /* value.c in Sources */,
				7BD7D02B1F252553001EEDB6 /* rem.c in Sources */,
				7BD7D0081F2068A4001EEDB6 /* print.c in Sources */,
				7BD7D02E1F252980001EEDB6 /* input.c in Sources */,
				7BD7CFFA1F202500001EEDB6 /* safemem.c in Sources */,
				7BD7D0191F23B8B3001EEDB6 /* if.c in Sources */,
				7BD7D0281F251E48001EEDB6 /* builtins.c in Sources */,
				7BD7D05C1F299165001EEDB6 /* output.c in Sources */,
				7BD7D0051F2029B6001EEDB6 /* statement.c in Sources */,
				7BD7D01C1F23FE2D001EEDB6 /* goto.c in Sources */,
				7BD7D0341F25A242001EEDB6 /* list.c in Sources */,
				7BD7D0251F2440F9001EEDB6 /* for.c in Sources */,
				7BD7D00B1F206D6F001EEDB6 /* expression.c in Sources */,
			);
			runOnlyForDeploymentPostprocessing = 0;
		};
/* End PBXSourcesBuildPhase section */

/* Begin XCBuildConfiguration section */
		7BD7CFEC1F202095001EEDB6 /* Debug */ = {
			isa = XCBuildConfiguration;
			buildSettings = {
				ALWAYS_SEARCH_USER_PATHS = NO;
				CLANG_ANALYZER_NONNULL = YES;
				CLANG_CXX_LANGUAGE_STANDARD = "gnu++0x";
				CLANG_CXX_LIBRARY = "libc++";
				CLANG_ENABLE_MODULES = YES;
				CLANG_ENABLE_OBJC_ARC = YES;
				CLANG_WARN_BOOL_CONVERSION = YES;
				CLANG_WARN_CONSTANT_CONVERSION = YES;
				CLANG_WARN_DIRECT_OBJC_ISA_USAGE = YES_ERROR;
				CLANG_WARN_DOCUMENTATION_COMMENTS = YES;
				CLANG_WARN_EMPTY_BODY = YES;
				CLANG_WARN_ENUM_CONVERSION = YES;
				CLANG_WARN_INFINITE_RECURSION = YES;
				CLANG_WARN_INT_CONVERSION = YES;
				CLANG_WARN_OBJC_ROOT_CLASS = YES_ERROR;
				CLANG_WARN_SUSPICIOUS_MOVES = YES;
				CLANG_WARN_UNREACHABLE_CODE = YES;
				CLANG_WARN__DUPLICATE_METHOD_MATCH = YES;
				CODE_SIGN_IDENTITY = "-";
				COPY_PHASE_STRIP = NO;
				DEBUG_INFORMATION_FORMAT = dwarf;
				ENABLE_STRICT_OBJC_MSGSEND = YES;
				ENABLE_TESTABILITY = YES;
				GCC_C_LANGUAGE_STANDARD = gnu99;
				GCC_DYNAMIC_NO_PIC = NO;
				GCC_NO_COMMON_BLOCKS = YES;
				GCC_OPTIMIZATION_LEVEL = 0;
				GCC_PREPROCESSOR_DEFINITIONS = (
					"DEBUG=1",
					"$(inherited)",
				);
				GCC_WARN_64_TO_32_BIT_CONVERSION = YES;
				GCC_WARN_ABOUT_RETURN_TYPE = YES_ERROR;
				GCC_WARN_UNDECLARED_SELECTOR = YES;
				GCC_WARN_UNINITIALIZED_AUTOS = YES_AGGRESSIVE;
				GCC_WARN_UNUSED_FUNCTION = YES;
				GCC_WARN_UNUSED_VARIABLE = YES;
				MACOSX_DEPLOYMENT_TARGET = 10.11;
				MTL_ENABLE_DEBUG_INFO = YES;
				ONLY_ACTIVE_ARCH = YES;
				SDKROOT = macosx;
			};
			name = Debug;
		};
		7BD7CFED1F202095001EEDB6 /* Release */ = {
			isa = XCBuildConfiguration;
			buildSettings = {
				ALWAYS_SEARCH_USER_PATHS = NO;
				CLANG_ANALYZER_NONNULL = YES;
				CLANG_CXX_LANGUAGE_STANDARD = "gnu++0x";
				CLANG_CXX_LIBRARY = "libc++";
				CLANG_ENABLE_MODULES = YES;
				CLANG_ENABLE_OBJC_ARC = YES;
				CLANG_WARN_BOOL_CONVERSION = YES;
				CLANG_WARN_CONSTANT_CONVERSION = YES;
				CLANG_WARN_DIRECT_OBJC_ISA_USAGE = YES_ERROR;
				CLANG_WARN_DOCUMENTATION_COMMENTS = YES;
				CLANG_WARN_EMPTY_BODY = YES;
				CLANG_WARN_ENUM_CONVERSION = YES;
				CLANG_WARN_INFINITE_RECURSION = YES;
				CLANG_WARN_INT_CONVERSION = YES;
				CLANG_WARN_OBJC_ROOT_CLASS = YES_ERROR;
				CLANG_WARN_SUSPICIOUS_MOVES = YES;
				CLANG_WARN_UNREACHABLE_CODE = YES;
				CLANG_WARN__DUPLICATE_METHOD_MATCH = YES;
				CODE_SIGN_IDENTITY = "-";
				COPY_PHASE_STRIP = NO;
				DEBUG_INFORMATION_FORMAT = "dwarf-with-dsym";
				ENABLE_NS_ASSERTIONS = NO;
				ENABLE_STRICT_OBJC_MSGSEND = YES;
				GCC_C_LANGUAGE_STANDARD = gnu99;
				GCC_NO_COMMON_BLOCKS = YES;
				GCC_WARN_64_TO_32_BIT_CONVERSION = YES;
				GCC_WARN_ABOUT_RETURN_TYPE = YES_ERROR;
				GCC_WARN_UNDECLARED_SELECTOR = YES;
				GCC_WARN_UNINITIALIZED_AUTOS = YES_AGGRESSIVE;
				GCC_WARN_UNUSED_FUNCTION = YES;
				GCC_WARN_UNUSED_VARIABLE = YES;
				MACOSX_DEPLOYMENT_TARGET = 10.11;
				MTL_ENABLE_DEBUG_INFO = NO;
				SDKROOT = macosx;
			};
			name = Release;
		};
		7BD7CFEF1F202095001EEDB6 /* Debug */ = {
			isa = XCBuildConfiguration;
			buildSettings = {
				PRODUCT_NAME = "$(TARGET_NAME)";
			};
			name = Debug;
		};
		7BD7CFF01F202095001EEDB6 /* Release */ = {
			isa = XCBuildConfiguration;
			buildSettings = {
				PRODUCT_NAME = "$(TARGET_NAME)";
			};
			name = Release;
		};
/* End XCBuildConfiguration section */

/* Begin XCConfigurationList section */
		7BD7CFE21F202095001EEDB6 /* Build configuration list for PBXProject "basic" */ = {
			isa = XCConfigurationList;
			buildConfigurations = (
				7BD7CFEC1F202095001EEDB6 /* Debug */,
				7BD7CFED1F202095001EEDB6 /* Release */,
			);
			defaultConfigurationIsVisible = 0;
			defaultConfigurationName = Release;
		};
		7BD7CFEE1F202095001EEDB6 /* Build configuration list for PBXNativeTarget "basic" */ = {
			isa = XCConfigurationList;
			buildConfigurations = (
				7BD7CFEF1F202095001EEDB6 /* Debug */,
				7BD7CFF01F202095001EEDB6 /* Release */,
			);
			defaultConfigurationIsVisible = 0;
		};
/* End XCConfigurationList section */
	};
	rootObject = 7BD7CFDF1F202095001EEDB6 /* Project object */;
}
